
Microsoft Visual Studio Solution File, Format Version 12.00
# Visual Studio Version 17
VisualStudioVersion = 17.12.35527.113 d17.12
MinimumVisualStudioVersion = 10.0.40219.1
Project("{FAE04EC0-301F-11D3-BF4B-00C04F79EFBC}") = "GreenOnions.NT.Core", "GreenOnions.NT.Core\GreenOnions.NT.Core.csproj", "{85CD76BE-15CC-4129-B663-2DD4E9C68978}"
EndProject
Project("{FAE04EC0-301F-11D3-BF4B-00C04F79EFBC}") = "GreenOnions.NT", "GreenOnions.NT\GreenOnions.NT.csproj", "{23674AE8-6F76-4DB3-AFEA-1A6AF5E44D4E}"
EndProject
Project("{FAE04EC0-301F-11D3-BF4B-00C04F79EFBC}") = "GreenOnions.NT.Base", "GreenOnions.NT.Base\GreenOnions.NT.Base.csproj", "{EA80DDB0-69D7-46A8-BA41-3BDC11E017E6}"
EndProject
Global
	GlobalSection(SolutionConfigurationPlatforms) = preSolution
		Debug|Any CPU = Debug|Any CPU
		Release|Any CPU = Release|Any CPU
	EndGlobalSection
	GlobalSection(ProjectConfigurationPlatforms) = postSolution
		{85CD76BE-15CC-4129-B663-2DD4E9C68978}.Debug|Any CPU.ActiveCfg = Debug|Any CPU
		{85CD76BE-15CC-4129-B663-2DD4E9C68978}.Debug|Any CPU.Build.0 = Debug|Any CPU
		{85CD76BE-15CC-4129-B663-2DD4E9C68978}.Release|Any CPU.ActiveCfg = Release|Any CPU
		{85CD76BE-15CC-4129-B663-2DD4E9C68978}.Release|Any CPU.Build.0 = Release|Any CPU
		{23674AE8-6F76-4DB3-AFEA-1A6AF5E44D4E}.Debug|Any CPU.ActiveCfg = Debug|Any CPU
		{23674AE8-6F76-4DB3-AFEA-1A6AF5E44D4E}.Debug|Any CPU.Build.0 = Debug|Any CPU
		{23674AE8-6F76-4DB3-AFEA-1A6AF5E44D4E}.Release|Any CPU.ActiveCfg = Release|Any CPU
		{23674AE8-6F76-4DB3-AFEA-1A6AF5E44D4E}.Release|Any CPU.Build.0 = Release|Any CPU
		{EA80DDB0-69D7-46A8-BA41-3BDC11E017E6}.Debug|Any CPU.ActiveCfg = Debug|Any CPU
		{EA80DDB0-69D7-46A8-BA41-3BDC11E017E6}.Debug|Any CPU.Build.0 = Debug|Any CPU
		{EA80DDB0-69D7-46A8-BA41-3BDC11E017E6}.Release|Any CPU.ActiveCfg = Release|Any CPU
		{EA80DDB0-69D7-46A8-BA41-3BDC11E017E6}.Release|Any CPU.Build.0 = Release|Any CPU
	EndGlobalSection
	GlobalSection(SolutionProperties) = preSolution
		HideSolutionNode = FALSE
	EndGlobalSection
EndGlobal
